<?xml version="1.0" encoding="utf-8"?>
<Project ToolsVersion="16.0" xmlns="http://schemas.microsoft.com/developer/msbuild/2003">
  <ItemGroup>
    <ClCompile Include="test\main.cpp">
      <Filter>src</Filter>
    </ClCompile>
    <ClCompile Include="test\nc_array_unittest.cpp">
      <Filter>src</Filter>
    </ClCompile>
    <ClCompile Include="test\nc_data_unittest.cpp">
      <Filter>src</Filter>
    </ClCompile>
    <ClCompile Include="test\nc_file_unittest.cpp">
      <Filter>src</Filter>
    </ClCompile>
    <ClCompile Include="test\nc_log_unittest.cpp">
      <Filter>src</Filter>
    </ClCompile>
    <ClCompile Include="test\nc_object_unittest.cpp">
      <Filter>src</Filter>
    </ClCompile>
    <ClCompile Include="test\nc_stdlib_unittest.cpp">
      <Filter>src</Filter>
    </ClCompile>
    <ClCompile Include="test\nc_string_unittest.cpp">
      <Filter>src</Filter>
    </ClCompile>
    <ClCompile Include="test\string_slice_unittest.cpp">
      <Filter>src</Filter>
    </ClCompile>
    <ClCompile Include="test\stdafx_nc_runtime_test.cpp">
      <Filter>src</Filter>
    </ClCompile>
    <ClCompile Include="test\nc_image_unittest.cpp">
      <Filter>src</Filter>
    </ClCompile>
    <ClCompile Include="test\costmap_inflator_unittest.cpp">
      <Filter>src</Filter>
    </ClCompile>
    <ClCompile Include="test\quaternion_unittest.cpp">
      <Filter>src</Filter>
    </ClCompile>
    <ClCompile Include="test\nc_math_unittest.cpp">
      <Filter>src</Filter>
    </ClCompile>
    <ClCompile Include="test\json_node_unittest.cpp">
      <Filter>src</Filter>
    </ClCompile>
    <ClCompile Include="test\vector3_unittest.cpp">
      <Filter>src</Filter>
    </ClCompile>
    <ClCompile Include="test\nc_event_unittest.cpp">
      <Filter>src</Filter>
    </ClCompile>
    <ClCompile Include="test\mutex_unittest.cpp">
      <Filter>src</Filter>
    </ClCompile>
    <ClCompile Include="test\nc_polyline_unittest.cpp">
      <Filter>src</Filter>
    </ClCompile>
    <ClCompile Include="test\base64_unittest.cpp">
      <Filter>src</Filter>
    </ClCompile>
    <ClCompile Include="test\image_painter_unittest.cpp">
      <Filter>src</Filter>
    </ClCompile>
  </ItemGroup>
  <ItemGroup>
    <Filter Include="src">
      <UniqueIdentifier>{76439CFA-169B-383E-88F4-C21FC25377F8}</UniqueIdentifier>
    </Filter>
  </ItemGroup>
  <ItemGroup>
    <ClInclude Include="test\stdafx_nc_runtime_test.h">
      <Filter>src</Filter>
    </ClInclude>
  </ItemGroup>
  <ItemGroup>
    <None Include="test_data\config.json" />
  </ItemGroup>
</Project>