<?xml version="1.0" encoding="utf-8"?>
<Project ToolsVersion="16.0" xmlns="http://schemas.microsoft.com/developer/msbuild/2003">
  <ItemGroup>
    <ClCompile Include="src\nc_array.cpp">
      <Filter>src</Filter>
    </ClCompile>
    <ClCompile Include="src\nc_data.cpp">
      <Filter>src</Filter>
    </ClCompile>
    <ClCompile Include="src\nc_file.cpp">
      <Filter>src</Filter>
    </ClCompile>
    <ClCompile Include="src\nc_log.cpp">
      <Filter>src</Filter>
    </ClCompile>
    <ClCompile Include="src\nc_object.cpp">
      <Filter>src</Filter>
    </ClCompile>
    <ClCompile Include="src\nc_stdlib.cpp">
      <Filter>src</Filter>
    </ClCompile>
    <ClCompile Include="src\nc_string.cpp">
      <Filter>src</Filter>
    </ClCompile>
    <ClCompile Include="src\nc_types.cpp">
      <Filter>src</Filter>
    </ClCompile>
    <ClCompile Include="src\stdafx_nc_runtime.cpp">
      <Filter>src</Filter>
    </ClCompile>
    <ClCompile Include="src\string_slice.cpp">
      <Filter>src</Filter>
    </ClCompile>
    <ClCompile Include="3rd-party\src\jansson\utf.cpp">
      <Filter>src</Filter>
    </ClCompile>
    <ClCompile Include="src\nc_image.cpp">
      <Filter>src</Filter>
    </ClCompile>
    <ClCompile Include="src\costmap_inflator_imple.cpp">
      <Filter>src</Filter>
    </ClCompile>
    <ClCompile Include="src\quaternion.cpp">
      <Filter>src</Filter>
    </ClCompile>
    <ClCompile Include="src\quaternion_d.cpp">
      <Filter>src</Filter>
    </ClCompile>
    <ClCompile Include="src\nc_math.cpp">
      <Filter>src</Filter>
    </ClCompile>
    <ClCompile Include="src\nc_argparse.cpp">
      <Filter>src</Filter>
    </ClCompile>
    <ClCompile Include="src\json_node.cpp">
      <Filter>src</Filter>
    </ClCompile>
  </ItemGroup>
  <ItemGroup>
    <ClInclude Include="include\nc_runtime\nc_array.h">
      <Filter>inc</Filter>
    </ClInclude>
    <ClInclude Include="include\nc_runtime\nc_data.h">
      <Filter>inc</Filter>
    </ClInclude>
    <ClInclude Include="include\nc_runtime\nc_file.h">
      <Filter>inc</Filter>
    </ClInclude>
    <ClInclude Include="include\nc_runtime\nc_gtest_extension.h">
      <Filter>inc</Filter>
    </ClInclude>
    <ClInclude Include="include\nc_runtime\nc_log.h">
      <Filter>inc</Filter>
    </ClInclude>
    <ClInclude Include="include\nc_runtime\nc_object.h">
      <Filter>inc</Filter>
    </ClInclude>
    <ClInclude Include="include\nc_runtime\nc_stdlib.h">
      <Filter>inc</Filter>
    </ClInclude>
    <ClInclude Include="include\nc_runtime\nc_string.h">
      <Filter>inc</Filter>
    </ClInclude>
    <ClInclude Include="include\nc_runtime\nc_types.h">
      <Filter>inc</Filter>
    </ClInclude>
    <ClInclude Include="include\nc_runtime\string_slice.h">
      <Filter>inc</Filter>
    </ClInclude>
    <ClInclude Include="3rd-party\include\jansson\utf.h">
      <Filter>inc</Filter>
    </ClInclude>
    <ClInclude Include="src\stdafx_nc_runtime.h">
      <Filter>src</Filter>
    </ClInclude>
    <ClInclude Include="include\nc_runtime\vector2.h">
      <Filter>inc</Filter>
    </ClInclude>
    <ClInclude Include="include\nc_runtime\nc_image.h">
      <Filter>inc</Filter>
    </ClInclude>
    <ClInclude Include="include\nc_runtime\costmap_inflator.h">
      <Filter>inc</Filter>
    </ClInclude>
    <ClInclude Include="src\costmap_inflator_imple.h">
      <Filter>src</Filter>
    </ClInclude>
    <ClInclude Include="include\nc_runtime\quaternion_d.h">
      <Filter>inc</Filter>
    </ClInclude>
    <ClInclude Include="include\nc_runtime\quaternion.h">
      <Filter>inc</Filter>
    </ClInclude>
    <ClInclude Include="include\nc_runtime\nc_math.h">
      <Filter>inc</Filter>
    </ClInclude>
    <ClInclude Include="include\nc_runtime\nc_argparse.h">
      <Filter>inc</Filter>
    </ClInclude>
    <ClInclude Include="include\nc_runtime\json_node.h">
      <Filter>inc</Filter>
    </ClInclude>
  </ItemGroup>
  <ItemGroup>
    <Filter Include="src">
      <UniqueIdentifier>{76439CFA-169B-383E-88F4-C21FC25377F8}</UniqueIdentifier>
    </Filter>
    <Filter Include="inc">
      <UniqueIdentifier>{FF9B530A-B11B-38B7-909A-3B4DEFF00FD5}</UniqueIdentifier>
    </Filter>
  </ItemGroup>
  <ItemGroup>
    <None Include=".clang-format" />
    <None Include="CHANGELOG.md" />
  </ItemGroup>
</Project>