<?xml version="1.0" encoding="utf-8"?>
<Project ToolsVersion="16.0" xmlns="http://schemas.microsoft.com/developer/msbuild/2003">
  <ItemGroup>
    <ClCompile Include="C:\Users\kingsimba\Documents\git\github\nc-runtime\_build\CMakeFiles\nc-runtime-test.dir\cmake_pch.cxx">
      <Filter>Source Files</Filter>
    </ClCompile>
    <ClCompile Include="C:\Users\kingsimba\Documents\git\github\nc-runtime\3rd-party\src\googletest-1.10.0\src\gtest-all.cc">
      <Filter>Source Files</Filter>
    </ClCompile>
    <ClCompile Include="C:\Users\kingsimba\Documents\git\github\nc-runtime\test\main.cpp">
      <Filter>Source Files</Filter>
    </ClCompile>
    <ClCompile Include="C:\Users\kingsimba\Documents\git\github\nc-runtime\test\nc_array_unittest.cpp">
      <Filter>Source Files</Filter>
    </ClCompile>
    <ClCompile Include="C:\Users\kingsimba\Documents\git\github\nc-runtime\test\nc_string_unittest.cpp">
      <Filter>Source Files</Filter>
    </ClCompile>
    <ClCompile Include="C:\Users\kingsimba\Documents\git\github\nc-runtime\test\string_slice_unittest.cpp">
      <Filter>Source Files</Filter>
    </ClCompile>
  </ItemGroup>
  <ItemGroup>
    <ClInclude Include="C:\Users\kingsimba\Documents\git\github\nc-runtime\3rd-party\src\googletest-1.10.0\src\gtest-internal-inl.h">
      <Filter>Header Files</Filter>
    </ClInclude>
    <ClInclude Include="C:\Users\kingsimba\Documents\git\github\nc-runtime\test\stdafx_nc_runtime_test.h">
      <Filter>Header Files</Filter>
    </ClInclude>
    <ClInclude Include="C:\Users\kingsimba\Documents\git\github\nc-runtime\_build\CMakeFiles\nc-runtime-test.dir\Debug\cmake_pch.hxx">
      <Filter>Precompile Header File</Filter>
    </ClInclude>
    <ClInclude Include="C:\Users\kingsimba\Documents\git\github\nc-runtime\_build\CMakeFiles\nc-runtime-test.dir\Release\cmake_pch.hxx">
      <Filter>Precompile Header File</Filter>
    </ClInclude>
    <ClInclude Include="C:\Users\kingsimba\Documents\git\github\nc-runtime\_build\CMakeFiles\nc-runtime-test.dir\MinSizeRel\cmake_pch.hxx">
      <Filter>Precompile Header File</Filter>
    </ClInclude>
    <ClInclude Include="C:\Users\kingsimba\Documents\git\github\nc-runtime\_build\CMakeFiles\nc-runtime-test.dir\RelWithDebInfo\cmake_pch.hxx">
      <Filter>Precompile Header File</Filter>
    </ClInclude>
  </ItemGroup>
  <ItemGroup>
    <CustomBuild Include="C:\Users\kingsimba\Documents\git\github\nc-runtime\CMakeLists.txt" />
  </ItemGroup>
  <ItemGroup>
    <Filter Include="Header Files">
      <UniqueIdentifier>{6DB6CCC9-A9A1-3447-AC14-BC793D18942C}</UniqueIdentifier>
    </Filter>
    <Filter Include="Precompile Header File">
      <UniqueIdentifier>{7507E896-3EA0-3317-8E65-363792027B0B}</UniqueIdentifier>
    </Filter>
    <Filter Include="Source Files">
      <UniqueIdentifier>{C0B052F3-5FF5-3E6F-9EE3-D184EFDFFE7C}</UniqueIdentifier>
    </Filter>
  </ItemGroup>
</Project>
