
Microsoft Visual Studio Solution File, Format Version 12.00
# Visual Studio Version 16
Project("{8BC9CEB8-8B4A-11D0-8D11-00A0C91BC942}") = "ALL_BUILD", "ALL_BUILD.vcxproj", "{E4EDC807-E808-3C73-83EC-F28E9C23B35E}"
	ProjectSection(ProjectDependencies) = postProject
		{F1709186-BE12-3662-8893-E2430E162142} = {F1709186-BE12-3662-8893-E2430E162142}
		{A82E8369-0D3A-3371-A339-1296FEFFD1B7} = {A82E8369-0D3A-3371-A339-1296FEFFD1B7}
		{DC063E7B-3FDE-3E62-B266-D2CA1BC683B1} = {DC063E7B-3FDE-3E62-B266-D2CA1BC683B1}
	EndProjectSection
EndProject
Project("{8BC9CEB8-8B4A-11D0-8D11-00A0C91BC942}") = "ZERO_CHECK", "ZERO_CHECK.vcxproj", "{F1709186-BE12-3662-8893-E2430E162142}"
	ProjectSection(ProjectDependencies) = postProject
	EndProjectSection
EndProject
Project("{8BC9CEB8-8B4A-11D0-8D11-00A0C91BC942}") = "nc-runtime", "nc-runtime.vcxproj", "{A82E8369-0D3A-3371-A339-1296FEFFD1B7}"
	ProjectSection(ProjectDependencies) = postProject
		{F1709186-BE12-3662-8893-E2430E162142} = {F1709186-BE12-3662-8893-E2430E162142}
	EndProjectSection
EndProject
Project("{8BC9CEB8-8B4A-11D0-8D11-00A0C91BC942}") = "nc-runtime-test", "nc-runtime-test.vcxproj", "{DC063E7B-3FDE-3E62-B266-D2CA1BC683B1}"
	ProjectSection(ProjectDependencies) = postProject
		{F1709186-BE12-3662-8893-E2430E162142} = {F1709186-BE12-3662-8893-E2430E162142}
		{A82E8369-0D3A-3371-A339-1296FEFFD1B7} = {A82E8369-0D3A-3371-A339-1296FEFFD1B7}
	EndProjectSection
EndProject
Global
	GlobalSection(SolutionConfigurationPlatforms) = preSolution
		Debug|x64 = Debug|x64
		Release|x64 = Release|x64
		MinSizeRel|x64 = MinSizeRel|x64
		RelWithDebInfo|x64 = RelWithDebInfo|x64
	EndGlobalSection
	GlobalSection(ProjectConfigurationPlatforms) = postSolution
		{E4EDC807-E808-3C73-83EC-F28E9C23B35E}.Debug|x64.ActiveCfg = Debug|x64
		{E4EDC807-E808-3C73-83EC-F28E9C23B35E}.Release|x64.ActiveCfg = Release|x64
		{E4EDC807-E808-3C73-83EC-F28E9C23B35E}.MinSizeRel|x64.ActiveCfg = MinSizeRel|x64
		{E4EDC807-E808-3C73-83EC-F28E9C23B35E}.RelWithDebInfo|x64.ActiveCfg = RelWithDebInfo|x64
		{F1709186-BE12-3662-8893-E2430E162142}.Debug|x64.ActiveCfg = Debug|x64
		{F1709186-BE12-3662-8893-E2430E162142}.Debug|x64.Build.0 = Debug|x64
		{F1709186-BE12-3662-8893-E2430E162142}.Release|x64.ActiveCfg = Release|x64
		{F1709186-BE12-3662-8893-E2430E162142}.Release|x64.Build.0 = Release|x64
		{F1709186-BE12-3662-8893-E2430E162142}.MinSizeRel|x64.ActiveCfg = MinSizeRel|x64
		{F1709186-BE12-3662-8893-E2430E162142}.MinSizeRel|x64.Build.0 = MinSizeRel|x64
		{F1709186-BE12-3662-8893-E2430E162142}.RelWithDebInfo|x64.ActiveCfg = RelWithDebInfo|x64
		{F1709186-BE12-3662-8893-E2430E162142}.RelWithDebInfo|x64.Build.0 = RelWithDebInfo|x64
		{A82E8369-0D3A-3371-A339-1296FEFFD1B7}.Debug|x64.ActiveCfg = Debug|x64
		{A82E8369-0D3A-3371-A339-1296FEFFD1B7}.Debug|x64.Build.0 = Debug|x64
		{A82E8369-0D3A-3371-A339-1296FEFFD1B7}.Release|x64.ActiveCfg = Release|x64
		{A82E8369-0D3A-3371-A339-1296FEFFD1B7}.Release|x64.Build.0 = Release|x64
		{A82E8369-0D3A-3371-A339-1296FEFFD1B7}.MinSizeRel|x64.ActiveCfg = MinSizeRel|x64
		{A82E8369-0D3A-3371-A339-1296FEFFD1B7}.MinSizeRel|x64.Build.0 = MinSizeRel|x64
		{A82E8369-0D3A-3371-A339-1296FEFFD1B7}.RelWithDebInfo|x64.ActiveCfg = RelWithDebInfo|x64
		{A82E8369-0D3A-3371-A339-1296FEFFD1B7}.RelWithDebInfo|x64.Build.0 = RelWithDebInfo|x64
		{DC063E7B-3FDE-3E62-B266-D2CA1BC683B1}.Debug|x64.ActiveCfg = Debug|x64
		{DC063E7B-3FDE-3E62-B266-D2CA1BC683B1}.Debug|x64.Build.0 = Debug|x64
		{DC063E7B-3FDE-3E62-B266-D2CA1BC683B1}.Release|x64.ActiveCfg = Release|x64
		{DC063E7B-3FDE-3E62-B266-D2CA1BC683B1}.Release|x64.Build.0 = Release|x64
		{DC063E7B-3FDE-3E62-B266-D2CA1BC683B1}.MinSizeRel|x64.ActiveCfg = MinSizeRel|x64
		{DC063E7B-3FDE-3E62-B266-D2CA1BC683B1}.MinSizeRel|x64.Build.0 = MinSizeRel|x64
		{DC063E7B-3FDE-3E62-B266-D2CA1BC683B1}.RelWithDebInfo|x64.ActiveCfg = RelWithDebInfo|x64
		{DC063E7B-3FDE-3E62-B266-D2CA1BC683B1}.RelWithDebInfo|x64.Build.0 = RelWithDebInfo|x64
	EndGlobalSection
	GlobalSection(ExtensibilityGlobals) = postSolution
		SolutionGuid = {C748FCE4-22F8-3117-B525-1CB33C6BB77C}
	EndGlobalSection
	GlobalSection(ExtensibilityAddIns) = postSolution
	EndGlobalSection
EndGlobal
