<?xml version="1.0" encoding="utf-8"?>
<Project ToolsVersion="16.0" xmlns="http://schemas.microsoft.com/developer/msbuild/2003">
  <ItemGroup>
    <CustomBuild Include="C:\Users\kingsimba\Documents\git\github\nc-runtime\vs2019\CMakeFiles\d023a601a6afb9434c8eb3d34073edc3\generate.stamp.rule">
      <Filter>CMake Rules</Filter>
    </CustomBuild>
  </ItemGroup>
  <ItemGroup>
    <Filter Include="CMake Rules">
      <UniqueIdentifier>{13E4F1B9-A46A-3163-9187-7AD43F38563E}</UniqueIdentifier>
    </Filter>
  </ItemGroup>
</Project>
